<Solution>
  <Project Path="InsurancePlatform.Api/InsurancePlatform.Api.csproj" />
  <Project Path="InsurancePlatform.Application/InsurancePlatform.Application.csproj" />
  <Project Path="InsurancePlatform.Domain/InsurancePlatform.Domain.csproj" />
  <Project Path="InsurancePlatform.Infrastructure/InsurancePlatform.Infrastructure.csproj" />
  <Project Path="InsurancePlatform.Tests/InsurancePlatform.Tests.csproj" />
</Solution>
